// !$*UTF8*$!
{
	archiveVersion = 1;
	classes = {
	};
	objectVersion = 46;
	objects = {

/* Begin PBXBuildFile section */
		D43D1D741C235E2A00D73ED1 /* AppDelegate.swift in Sources */ = {isa = PBXBuildFile; fileRef = D43D1D731C235E2A00D73ED1 /* AppDelegate.swift */; };
		D43D1D761C235E2A00D73ED1 /* MasterViewController.swift in Sources */ = {isa = PBXBuildFile; fileRef = D43D1D751C235E2A00D73ED1 /* MasterViewController.swift */; };
		D43D1D781C235E2A00D73ED1 /* DetailViewController.swift in Sources */ = {isa = PBXBuildFile; fileRef = D43D1D771C235E2A00D73ED1 /* DetailViewController.swift */; };
		D43D1D7B1C235E2A00D73ED1 /* Main.storyboard in Resources */ = {isa = PBXBuildFile; fileRef = D43D1D791C235E2A00D73ED1 /* Main.storyboard */; };
		D43D1D7D1C235E2A00D73ED1 /* Assets.xcassets in Resources */ = {isa = PBXBuildFile; fileRef = D43D1D7C1C235E2A00D73ED1 /* Assets.xcassets */; };
		D43D1D801C235E2A00D73ED1 /* LaunchScreen.storyboard in Resources */ = {isa = PBXBuildFile; fileRef = D43D1D7E1C235E2A00D73ED1 /* LaunchScreen.storyboard */; };
/* End PBXBuildFile section */

/* Begin PBXFileReference section */
		D43D1D701C235E2A00D73ED1 /* Notes.app */ = {isa = PBXFileReference; explicitFileType = wrapper.application; includeInIndex = 0; path = Notes.app; sourceTree = BUILT_PRODUCTS_DIR; };
		D43D1D731C235E2A00D73ED1 /* AppDelegate.swift */ = {isa = PBXFileReference; lastKnownFileType = sourcecode.swift; path = AppDelegate.swift; sourceTree = "<group>"; };
		D43D1D751C235E2A00D73ED1 /* MasterViewController.swift */ = {isa = PBXFileReference; lastKnownFileType = sourcecode.swift; path = MasterViewController.swift; sourceTree = "<group>"; };
		D43D1D771C235E2A00D73ED1 /* DetailViewController.swift */ = {isa = PBXFileReference; lastKnownFileType = sourcecode.swift; path = DetailViewController.swift; sourceTree = "<group>"; };
		D43D1D7A1C235E2A00D73ED1 /* Base */ = {isa = PBXFileReference; lastKnownFileType = file.storyboard; name = Base; path = Base.lproj/Main.storyboard; sourceTree = "<group>"; };
		D43D1D7C1C235E2A00D73ED1 /* Assets.xcassets */ = {isa = PBXFileReference; lastKnownFileType = folder.assetcatalog; path = Assets.xcassets; sourceTree = "<group>"; };
		D43D1D7F1C235E2A00D73ED1 /* Base */ = {isa = PBXFileReference; lastKnownFileType = file.storyboard; name = Base; path = Base.lproj/LaunchScreen.storyboard; sourceTree = "<group>"; };
		D43D1D811C235E2A00D73ED1 /* Info.plist */ = {isa = PBXFileReference; lastKnownFileType = text.plist.xml; path = Info.plist; sourceTree = "<group>"; };
/* End PBXFileReference section */

/* Begin PBXFrameworksBuildPhase section */
		D43D1D6D1C235E2A00D73ED1 /* Frameworks */ = {
			isa = PBXFrameworksBuildPhase;
			buildActionMask = 2147483647;
			files = (
			);
			runOnlyForDeploymentPostprocessing = 0;
		};
/* End PBXFrameworksBuildPhase section */

/* Begin PBXGroup section */
		D43D1D671C235E2A00D73ED1 = {
			isa = PBXGroup;
			children = (
				D43D1D721C235E2A00D73ED1 /* Notes */,
				D43D1D711C235E2A00D73ED1 /* Products */,
			);
			sourceTree = "<group>";
		};
		D43D1D711C235E2A00D73ED1 /* Products */ = {
			isa = PBXGroup;
			children = (
				D43D1D701C235E2A00D73ED1 /* Notes.app */,
			);
			name = Products;
			sourceTree = "<group>";
		};
		D43D1D721C235E2A00D73ED1 /* Notes */ = {
			isa = PBXGroup;
			children = (
				D43D1D731C235E2A00D73ED1 /* AppDelegate.swift */,
				D43D1D751C235E2A00D73ED1 /* MasterViewController.swift */,
				D43D1D771C235E2A00D73ED1 /* DetailViewController.swift */,
				D43D1D791C235E2A00D73ED1 /* Main.storyboard */,
				D43D1D7C1C235E2A00D73ED1 /* Assets.xcassets */,
				D43D1D7E1C235E2A00D73ED1 /* LaunchScreen.storyboard */,
				D43D1D811C235E2A00D73ED1 /* Info.plist */,
			);
			path = Notes;
			sourceTree = "<group>";
		};
/* End PBXGroup section */

/* Begin PBXNativeTarget section */
		D43D1D6F1C235E2A00D73ED1 /* Notes */ = {
			isa = PBXNativeTarget;
			buildConfigurationList = D43D1D841C235E2A00D73ED1 /* Build configuration list for PBXNativeTarget "Notes" */;
			buildPhases = (
				D43D1D6C1C235E2A00D73ED1 /* Sources */,
				D43D1D6D1C235E2A00D73ED1 /* Frameworks */,
				D43D1D6E1C235E2A00D73ED1 /* Resources */,
			);
			buildRules = (
			);
			dependencies = (
			);
			name = Notes;
			productName = Notes;
			productReference = D43D1D701C235E2A00D73ED1 /* Notes.app */;
			productType = "com.apple.product-type.application";
		};
/* End PBXNativeTarget section */

/* Begin PBXProject section */
		D43D1D681C235E2A00D73ED1 /* Project object */ = {
			isa = PBXProject;
			attributes = {
				LastUpgradeCheck = 0700;
				ORGANIZATIONNAME = Bozidar;
				TargetAttributes = {
					D43D1D6F1C235E2A00D73ED1 = {
						CreatedOnToolsVersion = 7.0.1;
					};
				};
			};
			buildConfigurationList = D43D1D6B1C235E2A00D73ED1 /* Build configuration list for PBXProject "Notes" */;
			compatibilityVersion = "Xcode 3.2";
			developmentRegion = English;
			hasScannedForEncodings = 0;
			knownRegions = (
				en,
				Base,
			);
			mainGroup = D43D1D671C235E2A00D73ED1;
			productRefGroup = D43D1D711C235E2A00D73ED1 /* Products */;
			projectDirPath = "";
			projectRoot = "";
			targets = (
				D43D1D6F1C235E2A00D73ED1 /* Notes */,
			);
		};
/* End PBXProject section */

/* Begin PBXResourcesBuildPhase section */
		D43D1D6E1C235E2A00D73ED1 /* Resources */ = {
			isa = PBXResourcesBuildPhase;
			buildActionMask = 2147483647;
			files = (
				D43D1D801C235E2A00D73ED1 /* LaunchScreen.storyboard in Resources */,
				D43D1D7D1C235E2A00D73ED1 /* Assets.xcassets in Resources */,
				D43D1D7B1C235E2A00D73ED1 /* Main.storyboard in Resources */,
			);
			runOnlyForDeploymentPostprocessing = 0;
		};
/* End PBXResourcesBuildPhase section */

/* Begin PBXSourcesBuildPhase section */
		D43D1D6C1C235E2A00D73ED1 /* Sources */ = {
			isa = PBXSourcesBuildPhase;
			buildActionMask = 2147483647;
			files = (
				D43D1D781C235E2A00D73ED1 /* DetailViewController.swift in Sources */,
				D43D1D761C235E2A00D73ED1 /* MasterViewController.swift in Sources */,
				D43D1D741C235E2A00D73ED1 /* AppDelegate.swift in Sources */,
			);
			runOnlyForDeploymentPostprocessing = 0;
		};
/* End PBXSourcesBuildPhase section */

/* Begin PBXVariantGroup section */
		D43D1D791C235E2A00D73ED1 /* Main.storyboard */ = {
			isa = PBXVariantGroup;
			children = (
				D43D1D7A1C235E2A00D73ED1 /* Base */,
			);
			name = Main.storyboard;
			sourceTree = "<group>";
		};
		D43D1D7E1C235E2A00D73ED1 /* LaunchScreen.storyboard */ = {
			isa = PBXVariantGroup;
			children = (
				D43D1D7F1C235E2A00D73ED1 /* Base */,
			);
			name = LaunchScreen.storyboard;
			sourceTree = "<group>";
		};
/* End PBXVariantGroup section */

/* Begin XCBuildConfiguration section */
		D43D1D821C235E2A00D73ED1 /* Debug */ = {
			isa = XCBuildConfiguration;
			buildSettings = {
				ALWAYS_SEARCH_USER_PATHS = NO;
				CLANG_CXX_LANGUAGE_STANDARD = "gnu++0x";
				CLANG_CXX_LIBRARY = "libc++";
				CLANG_ENABLE_MODULES = YES;
				CLANG_ENABLE_OBJC_ARC = YES;
				CLANG_WARN_BOOL_CONVERSION = YES;
				CLANG_WARN_CONSTANT_CONVERSION = YES;
				CLANG_WARN_DIRECT_OBJC_ISA_USAGE = YES_ERROR;
				CLANG_WARN_EMPTY_BODY = YES;
				CLANG_WARN_ENUM_CONVERSION = YES;
				CLANG_WARN_INT_CONVERSION = YES;
				CLANG_WARN_OBJC_ROOT_CLASS = YES_ERROR;
				CLANG_WARN_UNREACHABLE_CODE = YES;
				CLANG_WARN__DUPLICATE_METHOD_MATCH = YES;
				"CODE_SIGN_IDENTITY[sdk=iphoneos*]" = "iPhone Developer";
				COPY_PHASE_STRIP = NO;
				DEBUG_INFORMATION_FORMAT = dwarf;
				ENABLE_STRICT_OBJC_MSGSEND = YES;
				ENABLE_TESTABILITY = YES;
				GCC_C_LANGUAGE_STANDARD = gnu99;
				GCC_DYNAMIC_NO_PIC = NO;
				GCC_NO_COMMON_BLOCKS = YES;
				GCC_OPTIMIZATION_LEVEL = 0;
				GCC_PREPROCESSOR_DEFINITIONS = (
					"DEBUG=1",
					"$(inherited)",
				);
				GCC_WARN_64_TO_32_BIT_CONVERSION = YES;
				GCC_WARN_ABOUT_RETURN_TYPE = YES_ERROR;
				GCC_WARN_UNDECLARED_SELECTOR = YES;
				GCC_WARN_UNINITIALIZED_AUTOS = YES_AGGRESSIVE;
				GCC_WARN_UNUSED_FUNCTION = YES;
				GCC_WARN_UNUSED_VARIABLE = YES;
				IPHONEOS_DEPLOYMENT_TARGET = 9.0;
				MTL_ENABLE_DEBUG_INFO = YES;
				ONLY_ACTIVE_ARCH = YES;
				SDKROOT = iphoneos;
				SWIFT_OPTIMIZATION_LEVEL = "-Onone";
				TARGETED_DEVICE_FAMILY = "1,2";
			};
			name = Debug;
		};
		D43D1D831C235E2A00D73ED1 /* Release */ = {
			isa = XCBuildConfiguration;
			buildSettings = {
				ALWAYS_SEARCH_USER_PATHS = NO;
				CLANG_CXX_LANGUAGE_STANDARD = "gnu++0x";
				CLANG_CXX_LIBRARY = "libc++";
				CLANG_ENABLE_MODULES = YES;
				CLANG_ENABLE_OBJC_ARC = YES;
				CLANG_WARN_BOOL_CONVERSION = YES;
				CLANG_WARN_CONSTANT_CONVERSION = YES;
				CLANG_WARN_DIRECT_OBJC_ISA_USAGE = YES_ERROR;
				CLANG_WARN_EMPTY_BODY = YES;
				CLANG_WARN_ENUM_CONVERSION = YES;
				CLANG_WARN_INT_CONVERSION = YES;
				CLANG_WARN_OBJC_ROOT_CLASS = YES_ERROR;
				CLANG_WARN_UNREACHABLE_CODE = YES;
				CLANG_WARN__DUPLICATE_METHOD_MATCH = YES;
				"CODE_SIGN_IDENTITY[sdk=iphoneos*]" = "iPhone Developer";
				COPY_PHASE_STRIP = NO;
				DEBUG_INFORMATION_FORMAT = "dwarf-with-dsym";
				ENABLE_NS_ASSERTIONS = NO;
				ENABLE_STRICT_OBJC_MSGSEND = YES;
				GCC_C_LANGUAGE_STANDARD = gnu99;
				GCC_NO_COMMON_BLOCKS = YES;
				GCC_WARN_64_TO_32_BIT_CONVERSION = YES;
				GCC_WARN_ABOUT_RETURN_TYPE = YES_ERROR;
				GCC_WARN_UNDECLARED_SELECTOR = YES;
				GCC_WARN_UNINITIALIZED_AUTOS = YES_AGGRESSIVE;
				GCC_WARN_UNUSED_FUNCTION = YES;
				GCC_WARN_UNUSED_VARIABLE = YES;
				IPHONEOS_DEPLOYMENT_TARGET = 9.0;
				MTL_ENABLE_DEBUG_INFO = NO;
				SDKROOT = iphoneos;
				TARGETED_DEVICE_FAMILY = "1,2";
				VALIDATE_PRODUCT = YES;
			};
			name = Release;
		};
		D43D1D851C235E2A00D73ED1 /* Debug */ = {
			isa = XCBuildConfiguration;
			buildSettings = {
				ASSETCATALOG_COMPILER_APPICON_NAME = AppIcon;
				INFOPLIST_FILE = Notes/Info.plist;
				LD_RUNPATH_SEARCH_PATHS = "$(inherited) @executable_path/Frameworks";
				PRODUCT_BUNDLE_IDENTIFIER = com.foi.bozidar.labas.Notes;
				PRODUCT_NAME = "$(TARGET_NAME)";
			};
			name = Debug;
		};
		D43D1D861C235E2A00D73ED1 /* Release */ = {
			isa = XCBuildConfiguration;
			buildSettings = {
				ASSETCATALOG_COMPILER_APPICON_NAME = AppIcon;
				INFOPLIST_FILE = Notes/Info.plist;
				LD_RUNPATH_SEARCH_PATHS = "$(inherited) @executable_path/Frameworks";
				PRODUCT_BUNDLE_IDENTIFIER = com.foi.bozidar.labas.Notes;
				PRODUCT_NAME = "$(TARGET_NAME)";
			};
			name = Release;
		};
/* End XCBuildConfiguration section */

/* Begin XCConfigurationList section */
		D43D1D6B1C235E2A00D73ED1 /* Build configuration list for PBXProject "Notes" */ = {
			isa = XCConfigurationList;
			buildConfigurations = (
				D43D1D821C235E2A00D73ED1 /* Debug */,
				D43D1D831C235E2A00D73ED1 /* Release */,
			);
			defaultConfigurationIsVisible = 0;
			defaultConfigurationName = Release;
		};
		D43D1D841C235E2A00D73ED1 /* Build configuration list for PBXNativeTarget "Notes" */ = {
			isa = XCConfigurationList;
			buildConfigurations = (
				D43D1D851C235E2A00D73ED1 /* Debug */,
				D43D1D861C235E2A00D73ED1 /* Release */,
			);
			defaultConfigurationIsVisible = 0;
		};
/* End XCConfigurationList section */
	};
	rootObject = D43D1D681C235E2A00D73ED1 /* Project object */;
}
